{
  "version": 4,
  "terraform_version": "1.10.4",
  "serial": 14,
  "lineage": "fbc6c638-c266-ed26-367b-09714fa0ae31",
  "outputs": {
    "cloud_run_automatic_job": {
      "value": "generadores-job-automatic",
      "type": "string"
    },
    "cloud_run_manual_job": {
      "value": "generadores-job-manual",
      "type": "string"
    },
    "pubsub_ayudantes_subscription": {
      "value": "ayudantes-events-sub",
      "type": "string"
    },
    "pubsub_ayudantes_topic": {
      "value": "ayudantes-events",
      "type": "string"
    },
    "pubsub_necesitados_subscription": {
      "value": "necesitados-events-sub",
      "type": "string"
    },
    "pubsub_necesitados_topic": {
      "value": "necesitados-events",
      "type": "string"
    },
    "sa_cloud_run_email": {
      "value": "cloud-run-sa@dataproject2425.iam.gserviceaccount.com",
      "type": "string"
    }
  },
  "resources": [
    {
      "module": "module.pubsub_ayudantes",
      "mode": "managed",
      "type": "google_pubsub_topic",
      "name": "prueba",
      "provider": "provider[\"registry.terraform.io/hashicorp/google\"]",
      "instances": [
        {
          "schema_version": 0,
          "attributes": {
            "effective_labels": {
              "goog-terraform-provisioned": "true"
            },
            "id": "projects/dataproject2425/topics/ayudantes-events",
            "ingestion_data_source_settings": [],
            "kms_key_name": "",
            "labels": null,
            "message_retention_duration": "",
            "message_storage_policy": [],
            "name": "ayudantes-events",
            "project": "dataproject2425",
            "schema_settings": [],
            "terraform_labels": {
              "goog-terraform-provisioned": "true"
            },
            "timeouts": null
          },
          "sensitive_attributes": [],
          "private": "eyJlMmJmYjczMC1lY2FhLTExZTYtOGY4OC0zNDM2M2JjN2M0YzAiOnsiY3JlYXRlIjoxMjAwMDAwMDAwMDAwLCJkZWxldGUiOjEyMDAwMDAwMDAwMDAsInVwZGF0ZSI6MTIwMDAwMDAwMDAwMH19"
        }
      ]
    },
    {
      "module": "module.pubsub_necesitados",
      "mode": "managed",
      "type": "google_pubsub_topic",
      "name": "prueba",
      "provider": "provider[\"registry.terraform.io/hashicorp/google\"]",
      "instances": [
        {
          "schema_version": 0,
          "attributes": {
            "effective_labels": {
              "goog-terraform-provisioned": "true"
            },
            "id": "projects/dataproject2425/topics/necesitados-events",
            "ingestion_data_source_settings": [],
            "kms_key_name": "",
            "labels": null,
            "message_retention_duration": "",
            "message_storage_policy": [],
            "name": "necesitados-events",
            "project": "dataproject2425",
            "schema_settings": [],
            "terraform_labels": {
              "goog-terraform-provisioned": "true"
            },
            "timeouts": null
          },
          "sensitive_attributes": [],
          "private": "eyJlMmJmYjczMC1lY2FhLTExZTYtOGY4OC0zNDM2M2JjN2M0YzAiOnsiY3JlYXRlIjoxMjAwMDAwMDAwMDAwLCJkZWxldGUiOjEyMDAwMDAwMDAwMDAsInVwZGF0ZSI6MTIwMDAwMDAwMDAwMH19"
        }
      ]
    },
    {
      "module": "module.sa_cloud_run",
      "mode": "managed",
      "type": "google_project_iam_member",
      "name": "prueba",
      "provider": "provider[\"registry.terraform.io/hashicorp/google\"]",
      "instances": [
        {
          "index_key": 0,
          "schema_version": 0,
          "attributes": {
            "condition": [],
            "etag": "BwYtpu/8NDc=",
            "id": "dataproject2425/roles/pubsub.publisher/serviceAccount:cloud-run-sa@dataproject2425.iam.gserviceaccount.com",
            "member": "serviceAccount:cloud-run-sa@dataproject2425.iam.gserviceaccount.com",
            "project": "dataproject2425",
            "role": "roles/pubsub.publisher"
          },
          "sensitive_attributes": [],
          "private": "bnVsbA==",
          "dependencies": [
            "module.sa_cloud_run.google_service_account.prueba"
          ]
        }
      ]
    },
    {
      "module": "module.sa_cloud_run",
      "mode": "managed",
      "type": "google_service_account",
      "name": "prueba",
      "provider": "provider[\"registry.terraform.io/hashicorp/google\"]",
      "instances": [
        {
          "schema_version": 0,
          "attributes": {
            "account_id": "cloud-run-sa",
            "create_ignore_already_exists": null,
            "description": "",
            "disabled": false,
            "display_name": "Service Account for Cloud Run Job",
            "email": "cloud-run-sa@dataproject2425.iam.gserviceaccount.com",
            "id": "projects/dataproject2425/serviceAccounts/cloud-run-sa@dataproject2425.iam.gserviceaccount.com",
            "member": "serviceAccount:cloud-run-sa@dataproject2425.iam.gserviceaccount.com",
            "name": "projects/dataproject2425/serviceAccounts/cloud-run-sa@dataproject2425.iam.gserviceaccount.com",
            "project": "dataproject2425",
            "timeouts": null,
            "unique_id": "111939577161976182805"
          },
          "sensitive_attributes": [],
          "private": "eyJlMmJmYjczMC1lY2FhLTExZTYtOGY4OC0zNDM2M2JjN2M0YzAiOnsiY3JlYXRlIjozMDAwMDAwMDAwMDB9fQ=="
        }
      ]
    }
  ],
  "check_results": null
}
