{
  "version": 4,
  "terraform_version": "1.10.4",
  "serial": 139,
  "lineage": "fbc6c638-c266-ed26-367b-09714fa0ae31",
  "outputs": {
    "cloud_run_automatic_job": {
      "value": "generadores-job-automatic",
      "type": "string"
    },
    "cloud_run_manual_job": {
      "value": "generadores-job-manual",
      "type": "string"
    },
    "cloudbuild_launcher_automatic_build_id": {
      "value": "1727296443",
      "type": "string"
    },
    "cloudbuild_launcher_manual_build_id": {
      "value": "622438430",
      "type": "string"
    },
    "pubsub_ayudantes_subscription": {
      "value": "ayudantes-events-sub",
      "type": "string"
    },
    "pubsub_ayudantes_topic": {
      "value": "ayudantes-events",
      "type": "string"
    },
    "pubsub_necesitados_subscription": {
      "value": "necesitados-events-sub",
      "type": "string"
    },
    "pubsub_necesitados_topic": {
      "value": "necesitados-events",
      "type": "string"
    },
    "sa_cloud_run_email": {
      "value": "cloud-run-sa@dataproject2425.iam.gserviceaccount.com",
      "type": "string"
    }
  },
  "resources": [
    {
      "mode": "managed",
      "type": "google_storage_bucket",
      "name": "build_bucket",
      "provider": "provider[\"registry.terraform.io/hashicorp/google\"]",
      "instances": [
        {
          "schema_version": 3,
          "attributes": {
            "autoclass": [],
            "cors": [],
            "custom_placement_config": [],
            "default_event_based_hold": false,
            "effective_labels": {
              "goog-terraform-provisioned": "true"
            },
            "enable_object_retention": false,
            "encryption": [],
            "force_destroy": true,
            "hierarchical_namespace": [
              {
                "enabled": false
              }
            ],
            "id": "bucket-build-dataproject2425",
            "labels": null,
            "lifecycle_rule": [],
            "location": "EUROPE-WEST1",
            "logging": [],
            "name": "bucket-build-dataproject2425",
            "project": "dataproject2425",
            "project_number": -1238244014,
            "public_access_prevention": "inherited",
            "requester_pays": false,
            "retention_policy": [],
            "rpo": null,
            "self_link": "https://www.googleapis.com/storage/v1/b/bucket-build-dataproject2425",
            "soft_delete_policy": [
              {
                "effective_time": "2025-02-10T14:51:27.793Z",
                "retention_duration_seconds": 604800
              }
            ],
            "storage_class": "STANDARD",
            "terraform_labels": {
              "goog-terraform-provisioned": "true"
            },
            "timeouts": null,
            "uniform_bucket_level_access": false,
            "url": "gs://bucket-build-dataproject2425",
            "versioning": [],
            "website": []
          },
          "sensitive_attributes": [],
          "private": "eyJlMmJmYjczMC1lY2FhLTExZTYtOGY4OC0zNDM2M2JjN2M0YzAiOnsiY3JlYXRlIjo2MDAwMDAwMDAwMDAsInJlYWQiOjI0MDAwMDAwMDAwMCwidXBkYXRlIjoyNDAwMDAwMDAwMDB9LCJzY2hlbWFfdmVyc2lvbiI6IjMifQ=="
        }
      ]
    },
    {
      "module": "module.artifact_registry",
      "mode": "managed",
      "type": "google_artifact_registry_repository",
      "name": "repo",
      "provider": "provider[\"registry.terraform.io/hashicorp/google\"]",
      "instances": [
        {
          "schema_version": 0,
          "attributes": {
            "cleanup_policies": [],
            "cleanup_policy_dry_run": false,
            "create_time": "2025-02-10T14:51:27.411769Z",
            "description": "Repositorio para imágenes Docker de Data Project 2",
            "docker_config": [],
            "effective_labels": {
              "goog-terraform-provisioned": "true"
            },
            "format": "DOCKER",
            "id": "projects/dataproject2425/locations/europe-west1/repositories/data-project2",
            "kms_key_name": "",
            "labels": null,
            "location": "europe-west1",
            "maven_config": [],
            "mode": "STANDARD_REPOSITORY",
            "name": "data-project2",
            "project": "dataproject2425",
            "remote_repository_config": [],
            "repository_id": "data-project2",
            "terraform_labels": {
              "goog-terraform-provisioned": "true"
            },
            "timeouts": null,
            "update_time": "2025-02-10T14:51:27.411769Z",
            "virtual_repository_config": [],
            "vulnerability_scanning_config": [
              {
                "enablement_config": "",
                "enablement_state": "SCANNING_DISABLED",
                "enablement_state_reason": "API containerscanning.googleapis.com is not enabled."
              }
            ]
          },
          "sensitive_attributes": [],
          "private": "eyJlMmJmYjczMC1lY2FhLTExZTYtOGY4OC0zNDM2M2JjN2M0YzAiOnsiY3JlYXRlIjoxMjAwMDAwMDAwMDAwLCJkZWxldGUiOjEyMDAwMDAwMDAwMDAsInVwZGF0ZSI6MTIwMDAwMDAwMDAwMH19"
        }
      ]
    },
    {
      "module": "module.cloud_run_automatic",
      "mode": "managed",
      "type": "google_cloud_run_v2_job",
      "name": "job",
      "provider": "provider[\"registry.terraform.io/hashicorp/google\"]",
      "instances": [
        {
          "schema_version": 0,
          "attributes": {
            "annotations": null,
            "binary_authorization": [],
            "client": "",
            "client_version": "",
            "conditions": [],
            "create_time": "2025-02-10T14:52:44.584883Z",
            "creator": "",
            "delete_time": "",
            "deletion_protection": false,
            "effective_annotations": {},
            "effective_labels": {
              "goog-terraform-provisioned": "true"
            },
            "etag": "\"CLylqL0GELi28pYC/cHJvamVjdHMvZGF0YXByb2plY3QyNDI1L2xvY2F0aW9ucy9ldXJvcGUtd2VzdDEvam9icy9nZW5lcmFkb3Jlcy1qb2ItYXV0b21hdGlj\"",
            "execution_count": 0,
            "expire_time": "",
            "generation": "1",
            "id": "projects/dataproject2425/locations/europe-west1/jobs/generadores-job-automatic",
            "labels": null,
            "last_modifier": "",
            "latest_created_execution": [],
            "launch_stage": "GA",
            "location": "europe-west1",
            "name": "generadores-job-automatic",
            "observed_generation": "1",
            "project": "dataproject2425",
            "reconciling": false,
            "template": [
              {
                "annotations": null,
                "labels": null,
                "parallelism": 0,
                "task_count": 1,
                "template": [
                  {
                    "containers": [
                      {
                        "args": null,
                        "command": null,
                        "env": [
                          {
                            "name": "GCP_PROJECT_ID",
                            "value": "dataproject2425",
                            "value_source": []
                          },
                          {
                            "name": "GENERATOR_TYPE",
                            "value": "automatic",
                            "value_source": []
                          }
                        ],
                        "image": "europe-west1-docker.pkg.dev/dataproject2425/data-project2/launcher-automatic:v1",
                        "name": "",
                        "ports": [],
                        "resources": [
                          {
                            "limits": {
                              "cpu": "1000m",
                              "memory": "512Mi"
                            }
                          }
                        ],
                        "volume_mounts": [],
                        "working_dir": ""
                      }
                    ],
                    "encryption_key": "",
                    "execution_environment": "EXECUTION_ENVIRONMENT_GEN2",
                    "max_retries": 3,
                    "service_account": "cloud-run-sa@dataproject2425.iam.gserviceaccount.com",
                    "timeout": "600s",
                    "volumes": [],
                    "vpc_access": []
                  }
                ]
              }
            ],
            "terminal_condition": [
              {
                "execution_reason": "",
                "last_transition_time": "2025-02-10T14:52:44.857821Z",
                "message": "",
                "reason": "",
                "revision_reason": "",
                "severity": "",
                "state": "CONDITION_SUCCEEDED",
                "type": "Ready"
              }
            ],
            "terraform_labels": {
              "goog-terraform-provisioned": "true"
            },
            "timeouts": null,
            "uid": "58a485a4-0ebd-4f79-8887-6676080e6829",
            "update_time": "2025-02-10T14:52:44.584883Z"
          },
          "sensitive_attributes": [],
          "private": "eyJlMmJmYjczMC1lY2FhLTExZTYtOGY4OC0zNDM2M2JjN2M0YzAiOnsiY3JlYXRlIjoxMjAwMDAwMDAwMDAwLCJkZWxldGUiOjEyMDAwMDAwMDAwMDAsInVwZGF0ZSI6MTIwMDAwMDAwMDAwMH19",
          "dependencies": [
            "module.artifact_registry.google_artifact_registry_repository.repo",
            "module.cloudbuild_launcher_automatic.null_resource.build_image",
            "module.sa_cloud_run.google_service_account.prueba"
          ]
        }
      ]
    },
    {
      "module": "module.cloud_run_manual",
      "mode": "managed",
      "type": "google_cloud_run_v2_job",
      "name": "job",
      "provider": "provider[\"registry.terraform.io/hashicorp/google\"]",
      "instances": [
        {
          "schema_version": 0,
          "attributes": {
            "annotations": null,
            "binary_authorization": [],
            "client": "",
            "client_version": "",
            "conditions": [],
            "create_time": "2025-02-10T14:52:42.999048Z",
            "creator": "",
            "delete_time": "",
            "deletion_protection": false,
            "effective_annotations": {},
            "effective_labels": {
              "goog-terraform-provisioned": "true"
            },
            "etag": "\"CLqlqL0GEMCGsdwD/cHJvamVjdHMvZGF0YXByb2plY3QyNDI1L2xvY2F0aW9ucy9ldXJvcGUtd2VzdDEvam9icy9nZW5lcmFkb3Jlcy1qb2ItbWFudWFs\"",
            "execution_count": 0,
            "expire_time": "",
            "generation": "1",
            "id": "projects/dataproject2425/locations/europe-west1/jobs/generadores-job-manual",
            "labels": null,
            "last_modifier": "",
            "latest_created_execution": [],
            "launch_stage": "GA",
            "location": "europe-west1",
            "name": "generadores-job-manual",
            "observed_generation": "1",
            "project": "dataproject2425",
            "reconciling": false,
            "template": [
              {
                "annotations": null,
                "labels": null,
                "parallelism": 0,
                "task_count": 1,
                "template": [
                  {
                    "containers": [
                      {
                        "args": null,
                        "command": null,
                        "env": [
                          {
                            "name": "GCP_PROJECT_ID",
                            "value": "dataproject2425",
                            "value_source": []
                          },
                          {
                            "name": "GENERATOR_TYPE",
                            "value": "manual",
                            "value_source": []
                          }
                        ],
                        "image": "europe-west1-docker.pkg.dev/dataproject2425/data-project2/launcher-manual:v1",
                        "name": "",
                        "ports": [],
                        "resources": [
                          {
                            "limits": {
                              "cpu": "1000m",
                              "memory": "512Mi"
                            }
                          }
                        ],
                        "volume_mounts": [],
                        "working_dir": ""
                      }
                    ],
                    "encryption_key": "",
                    "execution_environment": "EXECUTION_ENVIRONMENT_GEN2",
                    "max_retries": 3,
                    "service_account": "cloud-run-sa@dataproject2425.iam.gserviceaccount.com",
                    "timeout": "600s",
                    "volumes": [],
                    "vpc_access": []
                  }
                ]
              }
            ],
            "terminal_condition": [
              {
                "execution_reason": "",
                "last_transition_time": "2025-02-10T14:52:43.338659Z",
                "message": "",
                "reason": "",
                "revision_reason": "",
                "severity": "",
                "state": "CONDITION_SUCCEEDED",
                "type": "Ready"
              }
            ],
            "terraform_labels": {
              "goog-terraform-provisioned": "true"
            },
            "timeouts": null,
            "uid": "100fb95c-6a23-4549-b05c-80d305464034",
            "update_time": "2025-02-10T14:52:42.999048Z"
          },
          "sensitive_attributes": [],
          "private": "eyJlMmJmYjczMC1lY2FhLTExZTYtOGY4OC0zNDM2M2JjN2M0YzAiOnsiY3JlYXRlIjoxMjAwMDAwMDAwMDAwLCJkZWxldGUiOjEyMDAwMDAwMDAwMDAsInVwZGF0ZSI6MTIwMDAwMDAwMDAwMH19",
          "dependencies": [
            "module.artifact_registry.google_artifact_registry_repository.repo",
            "module.cloudbuild_launcher_manual.null_resource.build_image",
            "module.sa_cloud_run.google_service_account.prueba"
          ]
        }
      ]
    },
    {
      "module": "module.cloudbuild_launcher_automatic",
      "mode": "managed",
      "type": "null_resource",
      "name": "build_image",
      "provider": "provider[\"registry.terraform.io/hashicorp/null\"]",
      "instances": [
        {
          "schema_version": 0,
          "attributes": {
            "id": "1727296443",
            "triggers": null
          },
          "sensitive_attributes": [],
          "dependencies": [
            "module.artifact_registry.google_artifact_registry_repository.repo"
          ]
        }
      ]
    },
    {
      "module": "module.cloudbuild_launcher_manual",
      "mode": "managed",
      "type": "null_resource",
      "name": "build_image",
      "provider": "provider[\"registry.terraform.io/hashicorp/null\"]",
      "instances": [
        {
          "schema_version": 0,
          "attributes": {
            "id": "622438430",
            "triggers": null
          },
          "sensitive_attributes": [],
          "dependencies": [
            "module.artifact_registry.google_artifact_registry_repository.repo"
          ]
        }
      ]
    },
    {
      "module": "module.pubsub_ayudantes",
      "mode": "managed",
      "type": "google_pubsub_subscription",
      "name": "prueba",
      "provider": "provider[\"registry.terraform.io/hashicorp/google\"]",
      "instances": [
        {
          "schema_version": 0,
          "attributes": {
            "ack_deadline_seconds": 10,
            "bigquery_config": [],
            "cloud_storage_config": [],
            "dead_letter_policy": [],
            "effective_labels": {
              "goog-terraform-provisioned": "true"
            },
            "enable_exactly_once_delivery": false,
            "enable_message_ordering": false,
            "expiration_policy": [
              {
                "ttl": "2678400s"
              }
            ],
            "filter": "",
            "id": "projects/dataproject2425/subscriptions/ayudantes-events-sub",
            "labels": null,
            "message_retention_duration": "604800s",
            "name": "ayudantes-events-sub",
            "project": "dataproject2425",
            "push_config": [],
            "retain_acked_messages": false,
            "retry_policy": [],
            "terraform_labels": {
              "goog-terraform-provisioned": "true"
            },
            "timeouts": null,
            "topic": "projects/dataproject2425/topics/ayudantes-events"
          },
          "sensitive_attributes": [],
          "private": "eyJlMmJmYjczMC1lY2FhLTExZTYtOGY4OC0zNDM2M2JjN2M0YzAiOnsiY3JlYXRlIjoxMjAwMDAwMDAwMDAwLCJkZWxldGUiOjEyMDAwMDAwMDAwMDAsInVwZGF0ZSI6MTIwMDAwMDAwMDAwMH19",
          "dependencies": [
            "module.pubsub_ayudantes.google_pubsub_topic.prueba"
          ]
        }
      ]
    },
    {
      "module": "module.pubsub_ayudantes",
      "mode": "managed",
      "type": "google_pubsub_topic",
      "name": "prueba",
      "provider": "provider[\"registry.terraform.io/hashicorp/google\"]",
      "instances": [
        {
          "schema_version": 0,
          "attributes": {
            "effective_labels": {
              "goog-terraform-provisioned": "true"
            },
            "id": "projects/dataproject2425/topics/ayudantes-events",
            "ingestion_data_source_settings": [],
            "kms_key_name": "",
            "labels": null,
            "message_retention_duration": "",
            "message_storage_policy": [],
            "name": "ayudantes-events",
            "project": "dataproject2425",
            "schema_settings": [],
            "terraform_labels": {
              "goog-terraform-provisioned": "true"
            },
            "timeouts": null
          },
          "sensitive_attributes": [],
          "private": "eyJlMmJmYjczMC1lY2FhLTExZTYtOGY4OC0zNDM2M2JjN2M0YzAiOnsiY3JlYXRlIjoxMjAwMDAwMDAwMDAwLCJkZWxldGUiOjEyMDAwMDAwMDAwMDAsInVwZGF0ZSI6MTIwMDAwMDAwMDAwMH19"
        }
      ]
    },
    {
      "module": "module.pubsub_necesitados",
      "mode": "managed",
      "type": "google_pubsub_subscription",
      "name": "prueba",
      "provider": "provider[\"registry.terraform.io/hashicorp/google\"]",
      "instances": [
        {
          "schema_version": 0,
          "attributes": {
            "ack_deadline_seconds": 10,
            "bigquery_config": [],
            "cloud_storage_config": [],
            "dead_letter_policy": [],
            "effective_labels": {
              "goog-terraform-provisioned": "true"
            },
            "enable_exactly_once_delivery": false,
            "enable_message_ordering": false,
            "expiration_policy": [
              {
                "ttl": "2678400s"
              }
            ],
            "filter": "",
            "id": "projects/dataproject2425/subscriptions/necesitados-events-sub",
            "labels": null,
            "message_retention_duration": "604800s",
            "name": "necesitados-events-sub",
            "project": "dataproject2425",
            "push_config": [],
            "retain_acked_messages": false,
            "retry_policy": [],
            "terraform_labels": {
              "goog-terraform-provisioned": "true"
            },
            "timeouts": null,
            "topic": "projects/dataproject2425/topics/necesitados-events"
          },
          "sensitive_attributes": [],
          "private": "eyJlMmJmYjczMC1lY2FhLTExZTYtOGY4OC0zNDM2M2JjN2M0YzAiOnsiY3JlYXRlIjoxMjAwMDAwMDAwMDAwLCJkZWxldGUiOjEyMDAwMDAwMDAwMDAsInVwZGF0ZSI6MTIwMDAwMDAwMDAwMH19",
          "dependencies": [
            "module.pubsub_necesitados.google_pubsub_topic.prueba"
          ]
        }
      ]
    },
    {
      "module": "module.pubsub_necesitados",
      "mode": "managed",
      "type": "google_pubsub_topic",
      "name": "prueba",
      "provider": "provider[\"registry.terraform.io/hashicorp/google\"]",
      "instances": [
        {
          "schema_version": 0,
          "attributes": {
            "effective_labels": {
              "goog-terraform-provisioned": "true"
            },
            "id": "projects/dataproject2425/topics/necesitados-events",
            "ingestion_data_source_settings": [],
            "kms_key_name": "",
            "labels": null,
            "message_retention_duration": "",
            "message_storage_policy": [],
            "name": "necesitados-events",
            "project": "dataproject2425",
            "schema_settings": [],
            "terraform_labels": {
              "goog-terraform-provisioned": "true"
            },
            "timeouts": null
          },
          "sensitive_attributes": [],
          "private": "eyJlMmJmYjczMC1lY2FhLTExZTYtOGY4OC0zNDM2M2JjN2M0YzAiOnsiY3JlYXRlIjoxMjAwMDAwMDAwMDAwLCJkZWxldGUiOjEyMDAwMDAwMDAwMDAsInVwZGF0ZSI6MTIwMDAwMDAwMDAwMH19"
        }
      ]
    },
    {
      "module": "module.sa_cloud_run",
      "mode": "managed",
      "type": "google_project_iam_member",
      "name": "prueba",
      "provider": "provider[\"registry.terraform.io/hashicorp/google\"]",
      "instances": [
        {
          "index_key": 0,
          "schema_version": 0,
          "attributes": {
            "condition": [],
            "etag": "BwYtytjHepA=",
            "id": "dataproject2425/roles/pubsub.publisher/serviceAccount:cloud-run-sa@dataproject2425.iam.gserviceaccount.com",
            "member": "serviceAccount:cloud-run-sa@dataproject2425.iam.gserviceaccount.com",
            "project": "dataproject2425",
            "role": "roles/pubsub.publisher"
          },
          "sensitive_attributes": [],
          "private": "bnVsbA==",
          "dependencies": [
            "module.sa_cloud_run.google_service_account.prueba"
          ]
        }
      ]
    },
    {
      "module": "module.sa_cloud_run",
      "mode": "managed",
      "type": "google_service_account",
      "name": "prueba",
      "provider": "provider[\"registry.terraform.io/hashicorp/google\"]",
      "instances": [
        {
          "schema_version": 0,
          "attributes": {
            "account_id": "cloud-run-sa",
            "create_ignore_already_exists": null,
            "description": "",
            "disabled": false,
            "display_name": "Service Account for Cloud Run Job",
            "email": "cloud-run-sa@dataproject2425.iam.gserviceaccount.com",
            "id": "projects/dataproject2425/serviceAccounts/cloud-run-sa@dataproject2425.iam.gserviceaccount.com",
            "member": "serviceAccount:cloud-run-sa@dataproject2425.iam.gserviceaccount.com",
            "name": "projects/dataproject2425/serviceAccounts/cloud-run-sa@dataproject2425.iam.gserviceaccount.com",
            "project": "dataproject2425",
            "timeouts": null,
            "unique_id": "100309407206237733759"
          },
          "sensitive_attributes": [],
          "private": "eyJlMmJmYjczMC1lY2FhLTExZTYtOGY4OC0zNDM2M2JjN2M0YzAiOnsiY3JlYXRlIjozMDAwMDAwMDAwMDB9fQ=="
        }
      ]
    }
  ],
  "check_results": null
}
